// !$*UTF8*$!
{
	archiveVersion = 1;
	classes = {
	};
	objectVersion = 46;
	objects = {

/* Begin PBXBuildFile section */
		253F51741E0F24420090E7C2 /* PlanetModel.swift in Sources */ = {isa = PBXBuildFile; fileRef = 253F51731E0F24410090E7C2 /* PlanetModel.swift */; };
		256700511DF5391100560A97 /* AppDelegate.swift in Sources */ = {isa = PBXBuildFile; fileRef = 256700501DF5391100560A97 /* AppDelegate.swift */; };
		256700531DF5391100560A97 /* ViewController.swift in Sources */ = {isa = PBXBuildFile; fileRef = 256700521DF5391100560A97 /* ViewController.swift */; };
		256700561DF5391100560A97 /* Main.storyboard in Resources */ = {isa = PBXBuildFile; fileRef = 256700541DF5391100560A97 /* Main.storyboard */; };
		256700581DF5391100560A97 /* Assets.xcassets in Resources */ = {isa = PBXBuildFile; fileRef = 256700571DF5391100560A97 /* Assets.xcassets */; };
		2567005B1DF5391100560A97 /* LaunchScreen.storyboard in Resources */ = {isa = PBXBuildFile; fileRef = 256700591DF5391100560A97 /* LaunchScreen.storyboard */; };
		256700631DF5478B00560A97 /* PlanetDetailViewController.swift in Sources */ = {isa = PBXBuildFile; fileRef = 256700621DF5478B00560A97 /* PlanetDetailViewController.swift */; };
		256700651DF69A1800560A97 /* PlanetView.xib in Resources */ = {isa = PBXBuildFile; fileRef = 256700641DF69A1800560A97 /* PlanetView.xib */; };
		256700671DF69BC300560A97 /* PlanetView.swift in Sources */ = {isa = PBXBuildFile; fileRef = 256700661DF69BC200560A97 /* PlanetView.swift */; };
/* End PBXBuildFile section */

/* Begin PBXFileReference section */
		253F51731E0F24410090E7C2 /* PlanetModel.swift */ = {isa = PBXFileReference; fileEncoding = 4; lastKnownFileType = sourcecode.swift; path = PlanetModel.swift; sourceTree = "<group>"; };
		2567004D1DF5391100560A97 /* solarSystemPlanets_customPresentedViewController.app */ = {isa = PBXFileReference; explicitFileType = wrapper.application; includeInIndex = 0; path = solarSystemPlanets_customPresentedViewController.app; sourceTree = BUILT_PRODUCTS_DIR; };
		256700501DF5391100560A97 /* AppDelegate.swift */ = {isa = PBXFileReference; lastKnownFileType = sourcecode.swift; path = AppDelegate.swift; sourceTree = "<group>"; };
		256700521DF5391100560A97 /* ViewController.swift */ = {isa = PBXFileReference; lastKnownFileType = sourcecode.swift; path = ViewController.swift; sourceTree = "<group>"; };
		256700551DF5391100560A97 /* Base */ = {isa = PBXFileReference; lastKnownFileType = file.storyboard; name = Base; path = Base.lproj/Main.storyboard; sourceTree = "<group>"; };
		256700571DF5391100560A97 /* Assets.xcassets */ = {isa = PBXFileReference; lastKnownFileType = folder.assetcatalog; path = Assets.xcassets; sourceTree = "<group>"; };
		2567005A1DF5391100560A97 /* Base */ = {isa = PBXFileReference; lastKnownFileType = file.storyboard; name = Base; path = Base.lproj/LaunchScreen.storyboard; sourceTree = "<group>"; };
		2567005C1DF5391100560A97 /* Info.plist */ = {isa = PBXFileReference; lastKnownFileType = text.plist.xml; path = Info.plist; sourceTree = "<group>"; };
		256700621DF5478B00560A97 /* PlanetDetailViewController.swift */ = {isa = PBXFileReference; fileEncoding = 4; lastKnownFileType = sourcecode.swift; path = PlanetDetailViewController.swift; sourceTree = "<group>"; };
		256700641DF69A1800560A97 /* PlanetView.xib */ = {isa = PBXFileReference; fileEncoding = 4; lastKnownFileType = file.xib; path = PlanetView.xib; sourceTree = "<group>"; };
		256700661DF69BC200560A97 /* PlanetView.swift */ = {isa = PBXFileReference; fileEncoding = 4; lastKnownFileType = sourcecode.swift; path = PlanetView.swift; sourceTree = "<group>"; };
/* End PBXFileReference section */

/* Begin PBXFrameworksBuildPhase section */
		2567004A1DF5391100560A97 /* Frameworks */ = {
			isa = PBXFrameworksBuildPhase;
			buildActionMask = 2147483647;
			files = (
			);
			runOnlyForDeploymentPostprocessing = 0;
		};
/* End PBXFrameworksBuildPhase section */

/* Begin PBXGroup section */
		256700441DF5391100560A97 = {
			isa = PBXGroup;
			children = (
				2567004F1DF5391100560A97 /* solarSystemPlanets_customPresentedViewController */,
				2567004E1DF5391100560A97 /* Products */,
			);
			sourceTree = "<group>";
		};
		2567004E1DF5391100560A97 /* Products */ = {
			isa = PBXGroup;
			children = (
				2567004D1DF5391100560A97 /* solarSystemPlanets_customPresentedViewController.app */,
			);
			name = Products;
			sourceTree = "<group>";
		};
		2567004F1DF5391100560A97 /* solarSystemPlanets_customPresentedViewController */ = {
			isa = PBXGroup;
			children = (
				256700501DF5391100560A97 /* AppDelegate.swift */,
				253F51731E0F24410090E7C2 /* PlanetModel.swift */,
				256700521DF5391100560A97 /* ViewController.swift */,
				256700621DF5478B00560A97 /* PlanetDetailViewController.swift */,
				256700541DF5391100560A97 /* Main.storyboard */,
				256700641DF69A1800560A97 /* PlanetView.xib */,
				256700661DF69BC200560A97 /* PlanetView.swift */,
				256700571DF5391100560A97 /* Assets.xcassets */,
				256700591DF5391100560A97 /* LaunchScreen.storyboard */,
				2567005C1DF5391100560A97 /* Info.plist */,
			);
			path = solarSystemPlanets_customPresentedViewController;
			sourceTree = "<group>";
		};
/* End PBXGroup section */

/* Begin PBXNativeTarget section */
		2567004C1DF5391100560A97 /* solarSystemPlanets_customPresentedViewController */ = {
			isa = PBXNativeTarget;
			buildConfigurationList = 2567005F1DF5391100560A97 /* Build configuration list for PBXNativeTarget "solarSystemPlanets_customPresentedViewController" */;
			buildPhases = (
				256700491DF5391100560A97 /* Sources */,
				2567004A1DF5391100560A97 /* Frameworks */,
				2567004B1DF5391100560A97 /* Resources */,
			);
			buildRules = (
			);
			dependencies = (
			);
			name = solarSystemPlanets_customPresentedViewController;
			productName = solarSystemPlanets_customPresentedViewController;
			productReference = 2567004D1DF5391100560A97 /* solarSystemPlanets_customPresentedViewController.app */;
			productType = "com.apple.product-type.application";
		};
/* End PBXNativeTarget section */

/* Begin PBXProject section */
		256700451DF5391100560A97 /* Project object */ = {
			isa = PBXProject;
			attributes = {
				LastSwiftUpdateCheck = 0800;
				LastUpgradeCheck = 0800;
				ORGANIZATIONNAME = ObjV;
				TargetAttributes = {
					2567004C1DF5391100560A97 = {
						CreatedOnToolsVersion = 8.0;
						DevelopmentTeam = 5X97427M43;
						ProvisioningStyle = Automatic;
					};
				};
			};
			buildConfigurationList = 256700481DF5391100560A97 /* Build configuration list for PBXProject "solarSystemPlanets_customPresentedViewController" */;
			compatibilityVersion = "Xcode 3.2";
			developmentRegion = English;
			hasScannedForEncodings = 0;
			knownRegions = (
				en,
				Base,
			);
			mainGroup = 256700441DF5391100560A97;
			productRefGroup = 2567004E1DF5391100560A97 /* Products */;
			projectDirPath = "";
			projectRoot = "";
			targets = (
				2567004C1DF5391100560A97 /* solarSystemPlanets_customPresentedViewController */,
			);
		};
/* End PBXProject section */

/* Begin PBXResourcesBuildPhase section */
		2567004B1DF5391100560A97 /* Resources */ = {
			isa = PBXResourcesBuildPhase;
			buildActionMask = 2147483647;
			files = (
				2567005B1DF5391100560A97 /* LaunchScreen.storyboard in Resources */,
				256700581DF5391100560A97 /* Assets.xcassets in Resources */,
				256700651DF69A1800560A97 /* PlanetView.xib in Resources */,
				256700561DF5391100560A97 /* Main.storyboard in Resources */,
			);
			runOnlyForDeploymentPostprocessing = 0;
		};
/* End PBXResourcesBuildPhase section */

/* Begin PBXSourcesBuildPhase section */
		256700491DF5391100560A97 /* Sources */ = {
			isa = PBXSourcesBuildPhase;
			buildActionMask = 2147483647;
			files = (
				256700531DF5391100560A97 /* ViewController.swift in Sources */,
				256700631DF5478B00560A97 /* PlanetDetailViewController.swift in Sources */,
				256700671DF69BC300560A97 /* PlanetView.swift in Sources */,
				256700511DF5391100560A97 /* AppDelegate.swift in Sources */,
				253F51741E0F24420090E7C2 /* PlanetModel.swift in Sources */,
			);
			runOnlyForDeploymentPostprocessing = 0;
		};
/* End PBXSourcesBuildPhase section */

/* Begin PBXVariantGroup section */
		256700541DF5391100560A97 /* Main.storyboard */ = {
			isa = PBXVariantGroup;
			children = (
				256700551DF5391100560A97 /* Base */,
			);
			name = Main.storyboard;
			sourceTree = "<group>";
		};
		256700591DF5391100560A97 /* LaunchScreen.storyboard */ = {
			isa = PBXVariantGroup;
			children = (
				2567005A1DF5391100560A97 /* Base */,
			);
			name = LaunchScreen.storyboard;
			sourceTree = "<group>";
		};
/* End PBXVariantGroup section */

/* Begin XCBuildConfiguration section */
		2567005D1DF5391100560A97 /* Debug */ = {
			isa = XCBuildConfiguration;
			buildSettings = {
				ALWAYS_SEARCH_USER_PATHS = NO;
				CLANG_ANALYZER_NONNULL = YES;
				CLANG_CXX_LANGUAGE_STANDARD = "gnu++0x";
				CLANG_CXX_LIBRARY = "libc++";
				CLANG_ENABLE_MODULES = YES;
				CLANG_ENABLE_OBJC_ARC = YES;
				CLANG_WARN_BOOL_CONVERSION = YES;
				CLANG_WARN_CONSTANT_CONVERSION = YES;
				CLANG_WARN_DIRECT_OBJC_ISA_USAGE = YES_ERROR;
				CLANG_WARN_DOCUMENTATION_COMMENTS = YES;
				CLANG_WARN_EMPTY_BODY = YES;
				CLANG_WARN_ENUM_CONVERSION = YES;
				CLANG_WARN_INFINITE_RECURSION = YES;
				CLANG_WARN_INT_CONVERSION = YES;
				CLANG_WARN_OBJC_ROOT_CLASS = YES_ERROR;
				CLANG_WARN_SUSPICIOUS_MOVES = YES;
				CLANG_WARN_UNREACHABLE_CODE = YES;
				CLANG_WARN__DUPLICATE_METHOD_MATCH = YES;
				"CODE_SIGN_IDENTITY[sdk=iphoneos*]" = "iPhone Developer";
				COPY_PHASE_STRIP = NO;
				DEBUG_INFORMATION_FORMAT = dwarf;
				ENABLE_STRICT_OBJC_MSGSEND = YES;
				ENABLE_TESTABILITY = YES;
				GCC_C_LANGUAGE_STANDARD = gnu99;
				GCC_DYNAMIC_NO_PIC = NO;
				GCC_NO_COMMON_BLOCKS = YES;
				GCC_OPTIMIZATION_LEVEL = 0;
				GCC_PREPROCESSOR_DEFINITIONS = (
					"DEBUG=1",
					"$(inherited)",
				);
				GCC_WARN_64_TO_32_BIT_CONVERSION = YES;
				GCC_WARN_ABOUT_RETURN_TYPE = YES_ERROR;
				GCC_WARN_UNDECLARED_SELECTOR = YES;
				GCC_WARN_UNINITIALIZED_AUTOS = YES_AGGRESSIVE;
				GCC_WARN_UNUSED_FUNCTION = YES;
				GCC_WARN_UNUSED_VARIABLE = YES;
				IPHONEOS_DEPLOYMENT_TARGET = 10.0;
				MTL_ENABLE_DEBUG_INFO = YES;
				ONLY_ACTIVE_ARCH = YES;
				SDKROOT = iphoneos;
				SWIFT_ACTIVE_COMPILATION_CONDITIONS = DEBUG;
				SWIFT_OPTIMIZATION_LEVEL = "-Onone";
				TARGETED_DEVICE_FAMILY = "1,2";
			};
			name = Debug;
		};
		2567005E1DF5391100560A97 /* Release */ = {
			isa = XCBuildConfiguration;
			buildSettings = {
				ALWAYS_SEARCH_USER_PATHS = NO;
				CLANG_ANALYZER_NONNULL = YES;
				CLANG_CXX_LANGUAGE_STANDARD = "gnu++0x";
				CLANG_CXX_LIBRARY = "libc++";
				CLANG_ENABLE_MODULES = YES;
				CLANG_ENABLE_OBJC_ARC = YES;
				CLANG_WARN_BOOL_CONVERSION = YES;
				CLANG_WARN_CONSTANT_CONVERSION = YES;
				CLANG_WARN_DIRECT_OBJC_ISA_USAGE = YES_ERROR;
				CLANG_WARN_DOCUMENTATION_COMMENTS = YES;
				CLANG_WARN_EMPTY_BODY = YES;
				CLANG_WARN_ENUM_CONVERSION = YES;
				CLANG_WARN_INFINITE_RECURSION = YES;
				CLANG_WARN_INT_CONVERSION = YES;
				CLANG_WARN_OBJC_ROOT_CLASS = YES_ERROR;
				CLANG_WARN_SUSPICIOUS_MOVES = YES;
				CLANG_WARN_UNREACHABLE_CODE = YES;
				CLANG_WARN__DUPLICATE_METHOD_MATCH = YES;
				"CODE_SIGN_IDENTITY[sdk=iphoneos*]" = "iPhone Developer";
				COPY_PHASE_STRIP = NO;
				DEBUG_INFORMATION_FORMAT = "dwarf-with-dsym";
				ENABLE_NS_ASSERTIONS = NO;
				ENABLE_STRICT_OBJC_MSGSEND = YES;
				GCC_C_LANGUAGE_STANDARD = gnu99;
				GCC_NO_COMMON_BLOCKS = YES;
				GCC_WARN_64_TO_32_BIT_CONVERSION = YES;
				GCC_WARN_ABOUT_RETURN_TYPE = YES_ERROR;
				GCC_WARN_UNDECLARED_SELECTOR = YES;
				GCC_WARN_UNINITIALIZED_AUTOS = YES_AGGRESSIVE;
				GCC_WARN_UNUSED_FUNCTION = YES;
				GCC_WARN_UNUSED_VARIABLE = YES;
				IPHONEOS_DEPLOYMENT_TARGET = 10.0;
				MTL_ENABLE_DEBUG_INFO = NO;
				SDKROOT = iphoneos;
				SWIFT_OPTIMIZATION_LEVEL = "-Owholemodule";
				TARGETED_DEVICE_FAMILY = "1,2";
				VALIDATE_PRODUCT = YES;
			};
			name = Release;
		};
		256700601DF5391100560A97 /* Debug */ = {
			isa = XCBuildConfiguration;
			buildSettings = {
				ASSETCATALOG_COMPILER_APPICON_NAME = AppIcon;
				DEVELOPMENT_TEAM = 5X97427M43;
				INFOPLIST_FILE = solarSystemPlanets_customPresentedViewController/Info.plist;
				LD_RUNPATH_SEARCH_PATHS = "$(inherited) @executable_path/Frameworks";
				PRODUCT_BUNDLE_IDENTIFIER = "com.ObjV.solarSystemPlanets-customPresentedViewController";
				PRODUCT_NAME = "$(TARGET_NAME)";
				SWIFT_VERSION = 3.0;
			};
			name = Debug;
		};
		256700611DF5391100560A97 /* Release */ = {
			isa = XCBuildConfiguration;
			buildSettings = {
				ASSETCATALOG_COMPILER_APPICON_NAME = AppIcon;
				DEVELOPMENT_TEAM = 5X97427M43;
				INFOPLIST_FILE = solarSystemPlanets_customPresentedViewController/Info.plist;
				LD_RUNPATH_SEARCH_PATHS = "$(inherited) @executable_path/Frameworks";
				PRODUCT_BUNDLE_IDENTIFIER = "com.ObjV.solarSystemPlanets-customPresentedViewController";
				PRODUCT_NAME = "$(TARGET_NAME)";
				SWIFT_VERSION = 3.0;
			};
			name = Release;
		};
/* End XCBuildConfiguration section */

/* Begin XCConfigurationList section */
		256700481DF5391100560A97 /* Build configuration list for PBXProject "solarSystemPlanets_customPresentedViewController" */ = {
			isa = XCConfigurationList;
			buildConfigurations = (
				2567005D1DF5391100560A97 /* Debug */,
				2567005E1DF5391100560A97 /* Release */,
			);
			defaultConfigurationIsVisible = 0;
			defaultConfigurationName = Release;
		};
		2567005F1DF5391100560A97 /* Build configuration list for PBXNativeTarget "solarSystemPlanets_customPresentedViewController" */ = {
			isa = XCConfigurationList;
			buildConfigurations = (
				256700601DF5391100560A97 /* Debug */,
				256700611DF5391100560A97 /* Release */,
			);
			defaultConfigurationIsVisible = 0;
			defaultConfigurationName = Release;
		};
/* End XCConfigurationList section */
	};
	rootObject = 256700451DF5391100560A97 /* Project object */;
}
